
Microsoft Visual Studio Solution File, Format Version 12.00
# Visual Studio Version 16
VisualStudioVersion = 16.0.30611.23
MinimumVisualStudioVersion = 10.0.40219.1
Project("{FAE04EC0-301F-11D3-BF4B-00C04F79EFBC}") = "Helsinki2017", "Helsinki2017\Helsinki2017.csproj", "{9F474FB4-0967-47F8-A249-EFDA2F086E44}"
EndProject
Global
	GlobalSection(SolutionConfigurationPlatforms) = preSolution
		Debug|Any CPU = Debug|Any CPU
		Release|Any CPU = Release|Any CPU
	EndGlobalSection
	GlobalSection(ProjectConfigurationPlatforms) = postSolution
		{9F474FB4-0967-47F8-A249-EFDA2F086E44}.Debug|Any CPU.ActiveCfg = Debug|Any CPU
		{9F474FB4-0967-47F8-A249-EFDA2F086E44}.Debug|Any CPU.Build.0 = Debug|Any CPU
		{9F474FB4-0967-47F8-A249-EFDA2F086E44}.Release|Any CPU.ActiveCfg = Release|Any CPU
		{9F474FB4-0967-47F8-A249-EFDA2F086E44}.Release|Any CPU.Build.0 = Release|Any CPU
	EndGlobalSection
	GlobalSection(SolutionProperties) = preSolution
		HideSolutionNode = FALSE
	EndGlobalSection
	GlobalSection(ExtensibilityGlobals) = postSolution
		SolutionGuid = {3E50CA27-534C-48C0-942B-183BEABC1495}
	EndGlobalSection
EndGlobal
